// !$*UTF8*$!
{
	archiveVersion = 1;
	classes = {
	};
	objectVersion = 48;
	objects = {

/* Begin PBXBuildFile section */
		B90F5AB61FE443E9009D02C4 /* GradientView.swift in Sources */ = {isa = PBXBuildFile; fileRef = B90F5AB51FE443E8009D02C4 /* GradientView.swift */; };
		B93DA3E11FDF7D5200340DF4 /* AppDelegate.swift in Sources */ = {isa = PBXBuildFile; fileRef = B93DA3E01FDF7D5200340DF4 /* AppDelegate.swift */; };
		B93DA3E31FDF7D5200340DF4 /* Main_ViewController.swift in Sources */ = {isa = PBXBuildFile; fileRef = B93DA3E21FDF7D5200340DF4 /* Main_ViewController.swift */; };
		B93DA3E61FDF7D5200340DF4 /* Main.storyboard in Resources */ = {isa = PBXBuildFile; fileRef = B93DA3E41FDF7D5200340DF4 /* Main.storyboard */; };
		B93DA3E81FDF7D5200340DF4 /* Assets.xcassets in Resources */ = {isa = PBXBuildFile; fileRef = B93DA3E71FDF7D5200340DF4 /* Assets.xcassets */; };
		B93DA3EB1FDF7D5200340DF4 /* LaunchScreen.storyboard in Resources */ = {isa = PBXBuildFile; fileRef = B93DA3E91FDF7D5200340DF4 /* LaunchScreen.storyboard */; };
		B93DA3F51FE0B12900340DF4 /* Market.json in Resources */ = {isa = PBXBuildFile; fileRef = B93DA3F41FE0B12900340DF4 /* Market.json */; };
		B93DA3F81FE1D20A00340DF4 /* Restaurant_Model.swift in Sources */ = {isa = PBXBuildFile; fileRef = B93DA3F71FE1D20A00340DF4 /* Restaurant_Model.swift */; };
		B93DA3FB1FE1F54100340DF4 /* Sheet_TableViewController.swift in Sources */ = {isa = PBXBuildFile; fileRef = B93DA3FA1FE1F54100340DF4 /* Sheet_TableViewController.swift */; };
		B93DA3FE1FE1FA2100340DF4 /* Photos_TableViewCell.swift in Sources */ = {isa = PBXBuildFile; fileRef = B93DA3FD1FE1FA2100340DF4 /* Photos_TableViewCell.swift */; };
		B93DA4021FE2170000340DF4 /* General_Info_TableViewCell.swift in Sources */ = {isa = PBXBuildFile; fileRef = B93DA4011FE2170000340DF4 /* General_Info_TableViewCell.swift */; };
		B93DA4041FE2193000340DF4 /* Hours_TableViewCell.swift in Sources */ = {isa = PBXBuildFile; fileRef = B93DA4031FE2193000340DF4 /* Hours_TableViewCell.swift */; };
/* End PBXBuildFile section */

/* Begin PBXFileReference section */
		B90F5AB51FE443E8009D02C4 /* GradientView.swift */ = {isa = PBXFileReference; fileEncoding = 4; lastKnownFileType = sourcecode.swift; path = GradientView.swift; sourceTree = "<group>"; };
		B93DA3DD1FDF7D5200340DF4 /* SingleAc.app */ = {isa = PBXFileReference; explicitFileType = wrapper.application; includeInIndex = 0; path = SingleAc.app; sourceTree = BUILT_PRODUCTS_DIR; };
		B93DA3E01FDF7D5200340DF4 /* AppDelegate.swift */ = {isa = PBXFileReference; lastKnownFileType = sourcecode.swift; path = AppDelegate.swift; sourceTree = "<group>"; };
		B93DA3E21FDF7D5200340DF4 /* Main_ViewController.swift */ = {isa = PBXFileReference; lastKnownFileType = sourcecode.swift; path = Main_ViewController.swift; sourceTree = "<group>"; };
		B93DA3E51FDF7D5200340DF4 /* Base */ = {isa = PBXFileReference; lastKnownFileType = file.storyboard; name = Base; path = Base.lproj/Main.storyboard; sourceTree = "<group>"; };
		B93DA3E71FDF7D5200340DF4 /* Assets.xcassets */ = {isa = PBXFileReference; lastKnownFileType = folder.assetcatalog; path = Assets.xcassets; sourceTree = "<group>"; };
		B93DA3EA1FDF7D5200340DF4 /* Base */ = {isa = PBXFileReference; lastKnownFileType = file.storyboard; name = Base; path = Base.lproj/LaunchScreen.storyboard; sourceTree = "<group>"; };
		B93DA3EC1FDF7D5200340DF4 /* Info.plist */ = {isa = PBXFileReference; lastKnownFileType = text.plist.xml; path = Info.plist; sourceTree = "<group>"; };
		B93DA3F41FE0B12900340DF4 /* Market.json */ = {isa = PBXFileReference; fileEncoding = 4; lastKnownFileType = text.json; path = Market.json; sourceTree = "<group>"; };
		B93DA3F71FE1D20A00340DF4 /* Restaurant_Model.swift */ = {isa = PBXFileReference; lastKnownFileType = sourcecode.swift; path = Restaurant_Model.swift; sourceTree = "<group>"; };
		B93DA3FA1FE1F54100340DF4 /* Sheet_TableViewController.swift */ = {isa = PBXFileReference; lastKnownFileType = sourcecode.swift; path = Sheet_TableViewController.swift; sourceTree = "<group>"; };
		B93DA3FD1FE1FA2100340DF4 /* Photos_TableViewCell.swift */ = {isa = PBXFileReference; lastKnownFileType = sourcecode.swift; path = Photos_TableViewCell.swift; sourceTree = "<group>"; };
		B93DA4011FE2170000340DF4 /* General_Info_TableViewCell.swift */ = {isa = PBXFileReference; lastKnownFileType = sourcecode.swift; path = General_Info_TableViewCell.swift; sourceTree = "<group>"; };
		B93DA4031FE2193000340DF4 /* Hours_TableViewCell.swift */ = {isa = PBXFileReference; lastKnownFileType = sourcecode.swift; path = Hours_TableViewCell.swift; sourceTree = "<group>"; };
/* End PBXFileReference section */

/* Begin PBXFrameworksBuildPhase section */
		B93DA3DA1FDF7D5200340DF4 /* Frameworks */ = {
			isa = PBXFrameworksBuildPhase;
			buildActionMask = 2147483647;
			files = (
			);
			runOnlyForDeploymentPostprocessing = 0;
		};
/* End PBXFrameworksBuildPhase section */

/* Begin PBXGroup section */
		B93DA3D41FDF7D5200340DF4 = {
			isa = PBXGroup;
			children = (
				B93DA3F41FE0B12900340DF4 /* Market.json */,
				B93DA3DF1FDF7D5200340DF4 /* SingleAc */,
				B93DA3DE1FDF7D5200340DF4 /* Products */,
			);
			sourceTree = "<group>";
		};
		B93DA3DE1FDF7D5200340DF4 /* Products */ = {
			isa = PBXGroup;
			children = (
				B93DA3DD1FDF7D5200340DF4 /* SingleAc.app */,
			);
			name = Products;
			sourceTree = "<group>";
		};
		B93DA3DF1FDF7D5200340DF4 /* SingleAc */ = {
			isa = PBXGroup;
			children = (
				B93DA3E01FDF7D5200340DF4 /* AppDelegate.swift */,
				B93DA3E21FDF7D5200340DF4 /* Main_ViewController.swift */,
				B93DA3E41FDF7D5200340DF4 /* Main.storyboard */,
				B93DA3E71FDF7D5200340DF4 /* Assets.xcassets */,
				B93DA3F91FE1F4AE00340DF4 /* Sheet */,
				B93DA3F61FE1D19D00340DF4 /* Model */,
				B90F5AB51FE443E8009D02C4 /* GradientView.swift */,
				B93DA3E91FDF7D5200340DF4 /* LaunchScreen.storyboard */,
				B93DA3EC1FDF7D5200340DF4 /* Info.plist */,
			);
			path = SingleAc;
			sourceTree = "<group>";
		};
		B93DA3F61FE1D19D00340DF4 /* Model */ = {
			isa = PBXGroup;
			children = (
				B93DA3F71FE1D20A00340DF4 /* Restaurant_Model.swift */,
			);
			path = Model;
			sourceTree = "<group>";
		};
		B93DA3F91FE1F4AE00340DF4 /* Sheet */ = {
			isa = PBXGroup;
			children = (
				B93DA3FA1FE1F54100340DF4 /* Sheet_TableViewController.swift */,
				B93DA4011FE2170000340DF4 /* General_Info_TableViewCell.swift */,
				B93DA3FD1FE1FA2100340DF4 /* Photos_TableViewCell.swift */,
				B93DA4031FE2193000340DF4 /* Hours_TableViewCell.swift */,
			);
			path = Sheet;
			sourceTree = "<group>";
		};
/* End PBXGroup section */

/* Begin PBXNativeTarget section */
		B93DA3DC1FDF7D5200340DF4 /* SingleAc */ = {
			isa = PBXNativeTarget;
			buildConfigurationList = B93DA3EF1FDF7D5200340DF4 /* Build configuration list for PBXNativeTarget "SingleAc" */;
			buildPhases = (
				B93DA3D91FDF7D5200340DF4 /* Sources */,
				B93DA3DA1FDF7D5200340DF4 /* Frameworks */,
				B93DA3DB1FDF7D5200340DF4 /* Resources */,
			);
			buildRules = (
			);
			dependencies = (
			);
			name = SingleAc;
			productName = SingleAc;
			productReference = B93DA3DD1FDF7D5200340DF4 /* SingleAc.app */;
			productType = "com.apple.product-type.application";
		};
/* End PBXNativeTarget section */

/* Begin PBXProject section */
		B93DA3D51FDF7D5200340DF4 /* Project object */ = {
			isa = PBXProject;
			attributes = {
				LastSwiftUpdateCheck = 0920;
				LastUpgradeCheck = 0920;
				ORGANIZATIONNAME = "Sigfrido E. Alcazar jimenez";
				TargetAttributes = {
					B93DA3DC1FDF7D5200340DF4 = {
						CreatedOnToolsVersion = 9.2;
						ProvisioningStyle = Automatic;
					};
				};
			};
			buildConfigurationList = B93DA3D81FDF7D5200340DF4 /* Build configuration list for PBXProject "SingleAc" */;
			compatibilityVersion = "Xcode 8.0";
			developmentRegion = en;
			hasScannedForEncodings = 0;
			knownRegions = (
				en,
				Base,
			);
			mainGroup = B93DA3D41FDF7D5200340DF4;
			productRefGroup = B93DA3DE1FDF7D5200340DF4 /* Products */;
			projectDirPath = "";
			projectRoot = "";
			targets = (
				B93DA3DC1FDF7D5200340DF4 /* SingleAc */,
			);
		};
/* End PBXProject section */

/* Begin PBXResourcesBuildPhase section */
		B93DA3DB1FDF7D5200340DF4 /* Resources */ = {
			isa = PBXResourcesBuildPhase;
			buildActionMask = 2147483647;
			files = (
				B93DA3EB1FDF7D5200340DF4 /* LaunchScreen.storyboard in Resources */,
				B93DA3F51FE0B12900340DF4 /* Market.json in Resources */,
				B93DA3E81FDF7D5200340DF4 /* Assets.xcassets in Resources */,
				B93DA3E61FDF7D5200340DF4 /* Main.storyboard in Resources */,
			);
			runOnlyForDeploymentPostprocessing = 0;
		};
/* End PBXResourcesBuildPhase section */

/* Begin PBXSourcesBuildPhase section */
		B93DA3D91FDF7D5200340DF4 /* Sources */ = {
			isa = PBXSourcesBuildPhase;
			buildActionMask = 2147483647;
			files = (
				B93DA4021FE2170000340DF4 /* General_Info_TableViewCell.swift in Sources */,
				B93DA3E31FDF7D5200340DF4 /* Main_ViewController.swift in Sources */,
				B93DA3FB1FE1F54100340DF4 /* Sheet_TableViewController.swift in Sources */,
				B93DA3FE1FE1FA2100340DF4 /* Photos_TableViewCell.swift in Sources */,
				B93DA3F81FE1D20A00340DF4 /* Restaurant_Model.swift in Sources */,
				B93DA3E11FDF7D5200340DF4 /* AppDelegate.swift in Sources */,
				B90F5AB61FE443E9009D02C4 /* GradientView.swift in Sources */,
				B93DA4041FE2193000340DF4 /* Hours_TableViewCell.swift in Sources */,
			);
			runOnlyForDeploymentPostprocessing = 0;
		};
/* End PBXSourcesBuildPhase section */

/* Begin PBXVariantGroup section */
		B93DA3E41FDF7D5200340DF4 /* Main.storyboard */ = {
			isa = PBXVariantGroup;
			children = (
				B93DA3E51FDF7D5200340DF4 /* Base */,
			);
			name = Main.storyboard;
			sourceTree = "<group>";
		};
		B93DA3E91FDF7D5200340DF4 /* LaunchScreen.storyboard */ = {
			isa = PBXVariantGroup;
			children = (
				B93DA3EA1FDF7D5200340DF4 /* Base */,
			);
			name = LaunchScreen.storyboard;
			sourceTree = "<group>";
		};
/* End PBXVariantGroup section */

/* Begin XCBuildConfiguration section */
		B93DA3ED1FDF7D5200340DF4 /* Debug */ = {
			isa = XCBuildConfiguration;
			buildSettings = {
				ALWAYS_SEARCH_USER_PATHS = NO;
				CLANG_ANALYZER_NONNULL = YES;
				CLANG_ANALYZER_NUMBER_OBJECT_CONVERSION = YES_AGGRESSIVE;
				CLANG_CXX_LANGUAGE_STANDARD = "gnu++14";
				CLANG_CXX_LIBRARY = "libc++";
				CLANG_ENABLE_MODULES = YES;
				CLANG_ENABLE_OBJC_ARC = YES;
				CLANG_WARN_BLOCK_CAPTURE_AUTORELEASING = YES;
				CLANG_WARN_BOOL_CONVERSION = YES;
				CLANG_WARN_COMMA = YES;
				CLANG_WARN_CONSTANT_CONVERSION = YES;
				CLANG_WARN_DIRECT_OBJC_ISA_USAGE = YES_ERROR;
				CLANG_WARN_DOCUMENTATION_COMMENTS = YES;
				CLANG_WARN_EMPTY_BODY = YES;
				CLANG_WARN_ENUM_CONVERSION = YES;
				CLANG_WARN_INFINITE_RECURSION = YES;
				CLANG_WARN_INT_CONVERSION = YES;
				CLANG_WARN_NON_LITERAL_NULL_CONVERSION = YES;
				CLANG_WARN_OBJC_LITERAL_CONVERSION = YES;
				CLANG_WARN_OBJC_ROOT_CLASS = YES_ERROR;
				CLANG_WARN_RANGE_LOOP_ANALYSIS = YES;
				CLANG_WARN_STRICT_PROTOTYPES = YES;
				CLANG_WARN_SUSPICIOUS_MOVE = YES;
				CLANG_WARN_UNGUARDED_AVAILABILITY = YES_AGGRESSIVE;
				CLANG_WARN_UNREACHABLE_CODE = YES;
				CLANG_WARN__DUPLICATE_METHOD_MATCH = YES;
				CODE_SIGN_IDENTITY = "iPhone Developer";
				COPY_PHASE_STRIP = NO;
				DEBUG_INFORMATION_FORMAT = dwarf;
				ENABLE_STRICT_OBJC_MSGSEND = YES;
				ENABLE_TESTABILITY = YES;
				GCC_C_LANGUAGE_STANDARD = gnu11;
				GCC_DYNAMIC_NO_PIC = NO;
				GCC_NO_COMMON_BLOCKS = YES;
				GCC_OPTIMIZATION_LEVEL = 0;
				GCC_PREPROCESSOR_DEFINITIONS = (
					"DEBUG=1",
					"$(inherited)",
				);
				GCC_WARN_64_TO_32_BIT_CONVERSION = YES;
				GCC_WARN_ABOUT_RETURN_TYPE = YES_ERROR;
				GCC_WARN_UNDECLARED_SELECTOR = YES;
				GCC_WARN_UNINITIALIZED_AUTOS = YES_AGGRESSIVE;
				GCC_WARN_UNUSED_FUNCTION = YES;
				GCC_WARN_UNUSED_VARIABLE = YES;
				IPHONEOS_DEPLOYMENT_TARGET = 11.2;
				MTL_ENABLE_DEBUG_INFO = YES;
				ONLY_ACTIVE_ARCH = YES;
				SDKROOT = iphoneos;
				SWIFT_ACTIVE_COMPILATION_CONDITIONS = DEBUG;
				SWIFT_OPTIMIZATION_LEVEL = "-Onone";
			};
			name = Debug;
		};
		B93DA3EE1FDF7D5200340DF4 /* Release */ = {
			isa = XCBuildConfiguration;
			buildSettings = {
				ALWAYS_SEARCH_USER_PATHS = NO;
				CLANG_ANALYZER_NONNULL = YES;
				CLANG_ANALYZER_NUMBER_OBJECT_CONVERSION = YES_AGGRESSIVE;
				CLANG_CXX_LANGUAGE_STANDARD = "gnu++14";
				CLANG_CXX_LIBRARY = "libc++";
				CLANG_ENABLE_MODULES = YES;
				CLANG_ENABLE_OBJC_ARC = YES;
				CLANG_WARN_BLOCK_CAPTURE_AUTORELEASING = YES;
				CLANG_WARN_BOOL_CONVERSION = YES;
				CLANG_WARN_COMMA = YES;
				CLANG_WARN_CONSTANT_CONVERSION = YES;
				CLANG_WARN_DIRECT_OBJC_ISA_USAGE = YES_ERROR;
				CLANG_WARN_DOCUMENTATION_COMMENTS = YES;
				CLANG_WARN_EMPTY_BODY = YES;
				CLANG_WARN_ENUM_CONVERSION = YES;
				CLANG_WARN_INFINITE_RECURSION = YES;
				CLANG_WARN_INT_CONVERSION = YES;
				CLANG_WARN_NON_LITERAL_NULL_CONVERSION = YES;
				CLANG_WARN_OBJC_LITERAL_CONVERSION = YES;
				CLANG_WARN_OBJC_ROOT_CLASS = YES_ERROR;
				CLANG_WARN_RANGE_LOOP_ANALYSIS = YES;
				CLANG_WARN_STRICT_PROTOTYPES = YES;
				CLANG_WARN_SUSPICIOUS_MOVE = YES;
				CLANG_WARN_UNGUARDED_AVAILABILITY = YES_AGGRESSIVE;
				CLANG_WARN_UNREACHABLE_CODE = YES;
				CLANG_WARN__DUPLICATE_METHOD_MATCH = YES;
				CODE_SIGN_IDENTITY = "iPhone Developer";
				COPY_PHASE_STRIP = NO;
				DEBUG_INFORMATION_FORMAT = "dwarf-with-dsym";
				ENABLE_NS_ASSERTIONS = NO;
				ENABLE_STRICT_OBJC_MSGSEND = YES;
				GCC_C_LANGUAGE_STANDARD = gnu11;
				GCC_NO_COMMON_BLOCKS = YES;
				GCC_WARN_64_TO_32_BIT_CONVERSION = YES;
				GCC_WARN_ABOUT_RETURN_TYPE = YES_ERROR;
				GCC_WARN_UNDECLARED_SELECTOR = YES;
				GCC_WARN_UNINITIALIZED_AUTOS = YES_AGGRESSIVE;
				GCC_WARN_UNUSED_FUNCTION = YES;
				GCC_WARN_UNUSED_VARIABLE = YES;
				IPHONEOS_DEPLOYMENT_TARGET = 11.2;
				MTL_ENABLE_DEBUG_INFO = NO;
				SDKROOT = iphoneos;
				SWIFT_OPTIMIZATION_LEVEL = "-Owholemodule";
				VALIDATE_PRODUCT = YES;
			};
			name = Release;
		};
		B93DA3F01FDF7D5200340DF4 /* Debug */ = {
			isa = XCBuildConfiguration;
			buildSettings = {
				ASSETCATALOG_COMPILER_APPICON_NAME = AppIcon;
				CODE_SIGN_STYLE = Automatic;
				DEVELOPMENT_TEAM = 5AJK2R22H4;
				INFOPLIST_FILE = SingleAc/Info.plist;
				IPHONEOS_DEPLOYMENT_TARGET = 11.0;
				LD_RUNPATH_SEARCH_PATHS = "$(inherited) @executable_path/Frameworks";
				PRODUCT_BUNDLE_IDENTIFIER = com.betaflashsolutions.SingleAc;
				PRODUCT_NAME = "$(TARGET_NAME)";
				SWIFT_VERSION = 4.0;
				TARGETED_DEVICE_FAMILY = "1,2";
			};
			name = Debug;
		};
		B93DA3F11FDF7D5200340DF4 /* Release */ = {
			isa = XCBuildConfiguration;
			buildSettings = {
				ASSETCATALOG_COMPILER_APPICON_NAME = AppIcon;
				CODE_SIGN_STYLE = Automatic;
				DEVELOPMENT_TEAM = 5AJK2R22H4;
				INFOPLIST_FILE = SingleAc/Info.plist;
				IPHONEOS_DEPLOYMENT_TARGET = 11.0;
				LD_RUNPATH_SEARCH_PATHS = "$(inherited) @executable_path/Frameworks";
				PRODUCT_BUNDLE_IDENTIFIER = com.betaflashsolutions.SingleAc;
				PRODUCT_NAME = "$(TARGET_NAME)";
				SWIFT_VERSION = 4.0;
				TARGETED_DEVICE_FAMILY = "1,2";
			};
			name = Release;
		};
/* End XCBuildConfiguration section */

/* Begin XCConfigurationList section */
		B93DA3D81FDF7D5200340DF4 /* Build configuration list for PBXProject "SingleAc" */ = {
			isa = XCConfigurationList;
			buildConfigurations = (
				B93DA3ED1FDF7D5200340DF4 /* Debug */,
				B93DA3EE1FDF7D5200340DF4 /* Release */,
			);
			defaultConfigurationIsVisible = 0;
			defaultConfigurationName = Release;
		};
		B93DA3EF1FDF7D5200340DF4 /* Build configuration list for PBXNativeTarget "SingleAc" */ = {
			isa = XCConfigurationList;
			buildConfigurations = (
				B93DA3F01FDF7D5200340DF4 /* Debug */,
				B93DA3F11FDF7D5200340DF4 /* Release */,
			);
			defaultConfigurationIsVisible = 0;
			defaultConfigurationName = Release;
		};
/* End XCConfigurationList section */
	};
	rootObject = B93DA3D51FDF7D5200340DF4 /* Project object */;
}
